// !$*UTF8*$!
{
	archiveVersion = 1;
	classes = {
	};
	objectVersion = 46;
	objects = {

/* Begin PBXBuildFile section */
		E9ADDD7A1C652FF5002792AC /* AppDelegate.swift in Sources */ = {isa = PBXBuildFile; fileRef = E9ADDD791C652FF5002792AC /* AppDelegate.swift */; };
		E9ADDD7C1C652FF5002792AC /* NewsViewController.swift in Sources */ = {isa = PBXBuildFile; fileRef = E9ADDD7B1C652FF5002792AC /* NewsViewController.swift */; };
		E9ADDD7F1C652FF5002792AC /* Main.storyboard in Resources */ = {isa = PBXBuildFile; fileRef = E9ADDD7D1C652FF5002792AC /* Main.storyboard */; };
		E9ADDD841C652FF5002792AC /* Assets.xcassets in Resources */ = {isa = PBXBuildFile; fileRef = E9ADDD831C652FF5002792AC /* Assets.xcassets */; };
		E9ADDD871C652FF5002792AC /* LaunchScreen.storyboard in Resources */ = {isa = PBXBuildFile; fileRef = E9ADDD851C652FF5002792AC /* LaunchScreen.storyboard */; };
/* End PBXBuildFile section */

/* Begin PBXFileReference section */
		E9ADDD761C652FF5002792AC /* hacker-news.app */ = {isa = PBXFileReference; explicitFileType = wrapper.application; includeInIndex = 0; path = "hacker-news.app"; sourceTree = BUILT_PRODUCTS_DIR; };
		E9ADDD791C652FF5002792AC /* AppDelegate.swift */ = {isa = PBXFileReference; lastKnownFileType = sourcecode.swift; path = AppDelegate.swift; sourceTree = "<group>"; };
		E9ADDD7B1C652FF5002792AC /* NewsViewController.swift */ = {isa = PBXFileReference; lastKnownFileType = sourcecode.swift; path = NewsViewController.swift; sourceTree = "<group>"; };
		E9ADDD7E1C652FF5002792AC /* Base */ = {isa = PBXFileReference; lastKnownFileType = file.storyboard; name = Base; path = Base.lproj/Main.storyboard; sourceTree = "<group>"; };
		E9ADDD831C652FF5002792AC /* Assets.xcassets */ = {isa = PBXFileReference; lastKnownFileType = folder.assetcatalog; path = Assets.xcassets; sourceTree = "<group>"; };
		E9ADDD861C652FF5002792AC /* Base */ = {isa = PBXFileReference; lastKnownFileType = file.storyboard; name = Base; path = Base.lproj/LaunchScreen.storyboard; sourceTree = "<group>"; };
		E9ADDD881C652FF5002792AC /* Info.plist */ = {isa = PBXFileReference; lastKnownFileType = text.plist.xml; path = Info.plist; sourceTree = "<group>"; };
/* End PBXFileReference section */

/* Begin PBXFrameworksBuildPhase section */
		E9ADDD731C652FF5002792AC /* Frameworks */ = {
			isa = PBXFrameworksBuildPhase;
			buildActionMask = 2147483647;
			files = (
			);
			runOnlyForDeploymentPostprocessing = 0;
		};
/* End PBXFrameworksBuildPhase section */

/* Begin PBXGroup section */
		E9ADDD6D1C652FF4002792AC = {
			isa = PBXGroup;
			children = (
				E9ADDD781C652FF5002792AC /* hacker-news */,
				E9ADDD771C652FF5002792AC /* Products */,
			);
			sourceTree = "<group>";
		};
		E9ADDD771C652FF5002792AC /* Products */ = {
			isa = PBXGroup;
			children = (
				E9ADDD761C652FF5002792AC /* hacker-news.app */,
			);
			name = Products;
			sourceTree = "<group>";
		};
		E9ADDD781C652FF5002792AC /* hacker-news */ = {
			isa = PBXGroup;
			children = (
				E9ADDD791C652FF5002792AC /* AppDelegate.swift */,
				E9ADDD7B1C652FF5002792AC /* NewsViewController.swift */,
				E9ADDD7D1C652FF5002792AC /* Main.storyboard */,
				E9ADDD831C652FF5002792AC /* Assets.xcassets */,
				E9ADDD851C652FF5002792AC /* LaunchScreen.storyboard */,
				E9ADDD881C652FF5002792AC /* Info.plist */,
			);
			path = "hacker-news";
			sourceTree = "<group>";
		};
/* End PBXGroup section */

/* Begin PBXNativeTarget section */
		E9ADDD751C652FF5002792AC /* hacker-news */ = {
			isa = PBXNativeTarget;
			buildConfigurationList = E9ADDD8B1C652FF5002792AC /* Build configuration list for PBXNativeTarget "hacker-news" */;
			buildPhases = (
				E9ADDD721C652FF5002792AC /* Sources */,
				E9ADDD731C652FF5002792AC /* Frameworks */,
				E9ADDD741C652FF5002792AC /* Resources */,
			);
			buildRules = (
			);
			dependencies = (
			);
			name = "hacker-news";
			productName = "hacker-news";
			productReference = E9ADDD761C652FF5002792AC /* hacker-news.app */;
			productType = "com.apple.product-type.application";
		};
/* End PBXNativeTarget section */

/* Begin PBXProject section */
		E9ADDD6E1C652FF5002792AC /* Project object */ = {
			isa = PBXProject;
			attributes = {
				LastSwiftUpdateCheck = 0720;
				LastUpgradeCheck = 0720;
				ORGANIZATIONNAME = "Thomas Durand";
				TargetAttributes = {
					E9ADDD751C652FF5002792AC = {
						CreatedOnToolsVersion = 7.2;
					};
				};
			};
			buildConfigurationList = E9ADDD711C652FF5002792AC /* Build configuration list for PBXProject "hacker-news" */;
			compatibilityVersion = "Xcode 3.2";
			developmentRegion = English;
			hasScannedForEncodings = 0;
			knownRegions = (
				en,
				Base,
			);
			mainGroup = E9ADDD6D1C652FF4002792AC;
			productRefGroup = E9ADDD771C652FF5002792AC /* Products */;
			projectDirPath = "";
			projectRoot = "";
			targets = (
				E9ADDD751C652FF5002792AC /* hacker-news */,
			);
		};
/* End PBXProject section */

/* Begin PBXResourcesBuildPhase section */
		E9ADDD741C652FF5002792AC /* Resources */ = {
			isa = PBXResourcesBuildPhase;
			buildActionMask = 2147483647;
			files = (
				E9ADDD871C652FF5002792AC /* LaunchScreen.storyboard in Resources */,
				E9ADDD841C652FF5002792AC /* Assets.xcassets in Resources */,
				E9ADDD7F1C652FF5002792AC /* Main.storyboard in Resources */,
			);
			runOnlyForDeploymentPostprocessing = 0;
		};
/* End PBXResourcesBuildPhase section */

/* Begin PBXSourcesBuildPhase section */
		E9ADDD721C652FF5002792AC /* Sources */ = {
			isa = PBXSourcesBuildPhase;
			buildActionMask = 2147483647;
			files = (
				E9ADDD7C1C652FF5002792AC /* NewsViewController.swift in Sources */,
				E9ADDD7A1C652FF5002792AC /* AppDelegate.swift in Sources */,
			);
			runOnlyForDeploymentPostprocessing = 0;
		};
/* End PBXSourcesBuildPhase section */

/* Begin PBXVariantGroup section */
		E9ADDD7D1C652FF5002792AC /* Main.storyboard */ = {
			isa = PBXVariantGroup;
			children = (
				E9ADDD7E1C652FF5002792AC /* Base */,
			);
			name = Main.storyboard;
			sourceTree = "<group>";
		};
		E9ADDD851C652FF5002792AC /* LaunchScreen.storyboard */ = {
			isa = PBXVariantGroup;
			children = (
				E9ADDD861C652FF5002792AC /* Base */,
			);
			name = LaunchScreen.storyboard;
			sourceTree = "<group>";
		};
/* End PBXVariantGroup section */

/* Begin XCBuildConfiguration section */
		E9ADDD891C652FF5002792AC /* Debug */ = {
			isa = XCBuildConfiguration;
			buildSettings = {
				ALWAYS_SEARCH_USER_PATHS = NO;
				CLANG_CXX_LANGUAGE_STANDARD = "gnu++0x";
				CLANG_CXX_LIBRARY = "libc++";
				CLANG_ENABLE_MODULES = YES;
				CLANG_ENABLE_OBJC_ARC = YES;
				CLANG_WARN_BOOL_CONVERSION = YES;
				CLANG_WARN_CONSTANT_CONVERSION = YES;
				CLANG_WARN_DIRECT_OBJC_ISA_USAGE = YES_ERROR;
				CLANG_WARN_EMPTY_BODY = YES;
				CLANG_WARN_ENUM_CONVERSION = YES;
				CLANG_WARN_INT_CONVERSION = YES;
				CLANG_WARN_OBJC_ROOT_CLASS = YES_ERROR;
				CLANG_WARN_UNREACHABLE_CODE = YES;
				CLANG_WARN__DUPLICATE_METHOD_MATCH = YES;
				"CODE_SIGN_IDENTITY[sdk=iphoneos*]" = "iPhone Developer";
				COPY_PHASE_STRIP = NO;
				DEBUG_INFORMATION_FORMAT = dwarf;
				ENABLE_STRICT_OBJC_MSGSEND = YES;
				ENABLE_TESTABILITY = YES;
				GCC_C_LANGUAGE_STANDARD = gnu99;
				GCC_DYNAMIC_NO_PIC = NO;
				GCC_NO_COMMON_BLOCKS = YES;
				GCC_OPTIMIZATION_LEVEL = 0;
				GCC_PREPROCESSOR_DEFINITIONS = (
					"DEBUG=1",
					"$(inherited)",
				);
				GCC_WARN_64_TO_32_BIT_CONVERSION = YES;
				GCC_WARN_ABOUT_RETURN_TYPE = YES_ERROR;
				GCC_WARN_UNDECLARED_SELECTOR = YES;
				GCC_WARN_UNINITIALIZED_AUTOS = YES_AGGRESSIVE;
				GCC_WARN_UNUSED_FUNCTION = YES;
				GCC_WARN_UNUSED_VARIABLE = YES;
				IPHONEOS_DEPLOYMENT_TARGET = 9.2;
				MTL_ENABLE_DEBUG_INFO = YES;
				ONLY_ACTIVE_ARCH = YES;
				SDKROOT = iphoneos;
				SWIFT_OPTIMIZATION_LEVEL = "-Onone";
				TARGETED_DEVICE_FAMILY = "1,2";
			};
			name = Debug;
		};
		E9ADDD8A1C652FF5002792AC /* Release */ = {
			isa = XCBuildConfiguration;
			buildSettings = {
				ALWAYS_SEARCH_USER_PATHS = NO;
				CLANG_CXX_LANGUAGE_STANDARD = "gnu++0x";
				CLANG_CXX_LIBRARY = "libc++";
				CLANG_ENABLE_MODULES = YES;
				CLANG_ENABLE_OBJC_ARC = YES;
				CLANG_WARN_BOOL_CONVERSION = YES;
				CLANG_WARN_CONSTANT_CONVERSION = YES;
				CLANG_WARN_DIRECT_OBJC_ISA_USAGE = YES_ERROR;
				CLANG_WARN_EMPTY_BODY = YES;
				CLANG_WARN_ENUM_CONVERSION = YES;
				CLANG_WARN_INT_CONVERSION = YES;
				CLANG_WARN_OBJC_ROOT_CLASS = YES_ERROR;
				CLANG_WARN_UNREACHABLE_CODE = YES;
				CLANG_WARN__DUPLICATE_METHOD_MATCH = YES;
				"CODE_SIGN_IDENTITY[sdk=iphoneos*]" = "iPhone Developer";
				COPY_PHASE_STRIP = NO;
				DEBUG_INFORMATION_FORMAT = "dwarf-with-dsym";
				ENABLE_NS_ASSERTIONS = NO;
				ENABLE_STRICT_OBJC_MSGSEND = YES;
				GCC_C_LANGUAGE_STANDARD = gnu99;
				GCC_NO_COMMON_BLOCKS = YES;
				GCC_WARN_64_TO_32_BIT_CONVERSION = YES;
				GCC_WARN_ABOUT_RETURN_TYPE = YES_ERROR;
				GCC_WARN_UNDECLARED_SELECTOR = YES;
				GCC_WARN_UNINITIALIZED_AUTOS = YES_AGGRESSIVE;
				GCC_WARN_UNUSED_FUNCTION = YES;
				GCC_WARN_UNUSED_VARIABLE = YES;
				IPHONEOS_DEPLOYMENT_TARGET = 9.2;
				MTL_ENABLE_DEBUG_INFO = NO;
				SDKROOT = iphoneos;
				TARGETED_DEVICE_FAMILY = "1,2";
				VALIDATE_PRODUCT = YES;
			};
			name = Release;
		};
		E9ADDD8C1C652FF5002792AC /* Debug */ = {
			isa = XCBuildConfiguration;
			buildSettings = {
				ASSETCATALOG_COMPILER_APPICON_NAME = AppIcon;
				INFOPLIST_FILE = "hacker-news/Info.plist";
				LD_RUNPATH_SEARCH_PATHS = "$(inherited) @executable_path/Frameworks";
				PRODUCT_BUNDLE_IDENTIFIER = "fr.Dean.hacker-news";
				PRODUCT_NAME = "$(TARGET_NAME)";
			};
			name = Debug;
		};
		E9ADDD8D1C652FF5002792AC /* Release */ = {
			isa = XCBuildConfiguration;
			buildSettings = {
				ASSETCATALOG_COMPILER_APPICON_NAME = AppIcon;
				INFOPLIST_FILE = "hacker-news/Info.plist";
				LD_RUNPATH_SEARCH_PATHS = "$(inherited) @executable_path/Frameworks";
				PRODUCT_BUNDLE_IDENTIFIER = "fr.Dean.hacker-news";
				PRODUCT_NAME = "$(TARGET_NAME)";
			};
			name = Release;
		};
/* End XCBuildConfiguration section */

/* Begin XCConfigurationList section */
		E9ADDD711C652FF5002792AC /* Build configuration list for PBXProject "hacker-news" */ = {
			isa = XCConfigurationList;
			buildConfigurations = (
				E9ADDD891C652FF5002792AC /* Debug */,
				E9ADDD8A1C652FF5002792AC /* Release */,
			);
			defaultConfigurationIsVisible = 0;
			defaultConfigurationName = Release;
		};
		E9ADDD8B1C652FF5002792AC /* Build configuration list for PBXNativeTarget "hacker-news" */ = {
			isa = XCConfigurationList;
			buildConfigurations = (
				E9ADDD8C1C652FF5002792AC /* Debug */,
				E9ADDD8D1C652FF5002792AC /* Release */,
			);
			defaultConfigurationIsVisible = 0;
		};
/* End XCConfigurationList section */
	};
	rootObject = E9ADDD6E1C652FF5002792AC /* Project object */;
}
