// !$*UTF8*$!
{
	archiveVersion = 1;
	classes = {
	};
	objectVersion = 46;
	objects = {

/* Begin PBXBuildFile section */
		7F83E74ECC91ADDAE8B6217E /* Pods_hacker_news.framework in Frameworks */ = {isa = PBXBuildFile; fileRef = 0FB56C2806FFF400D290E9F7 /* Pods_hacker_news.framework */; };
		E97E4E851CB95A72007E060C /* SettingsViewController.swift in Sources */ = {isa = PBXBuildFile; fileRef = E97E4E841CB95A72007E060C /* SettingsViewController.swift */; };
		E9A9C7D81C654819004E4097 /* ItemCell.swift in Sources */ = {isa = PBXBuildFile; fileRef = E9A9C7D71C654819004E4097 /* ItemCell.swift */; };
		E9A9C7DA1C65DB8B004E4097 /* Theme.swift in Sources */ = {isa = PBXBuildFile; fileRef = E9A9C7D91C65DB8B004E4097 /* Theme.swift */; };
		E9A9C7DC1C65E107004E4097 /* FailureCell.swift in Sources */ = {isa = PBXBuildFile; fileRef = E9A9C7DB1C65E107004E4097 /* FailureCell.swift */; };
		E9A9C7DF1C65E641004E4097 /* LoadingCell.swift in Sources */ = {isa = PBXBuildFile; fileRef = E9A9C7DE1C65E641004E4097 /* LoadingCell.swift */; };
		E9A9C7E11C65E901004E4097 /* SuccessCell.swift in Sources */ = {isa = PBXBuildFile; fileRef = E9A9C7E01C65E901004E4097 /* SuccessCell.swift */; };
		E9AB9E741CBA78B6003B1E2A /* hacker-news.debug.xcconfig in Resources */ = {isa = PBXBuildFile; fileRef = E9AB9E711CBA78B6003B1E2A /* hacker-news.debug.xcconfig */; };
		E9AB9E751CBA78B6003B1E2A /* hacker-news.release.xcconfig in Resources */ = {isa = PBXBuildFile; fileRef = E9AB9E721CBA78B6003B1E2A /* hacker-news.release.xcconfig */; };
		E9AB9E761CBA78B6003B1E2A /* Keys.xcconfig in Resources */ = {isa = PBXBuildFile; fileRef = E9AB9E731CBA78B6003B1E2A /* Keys.xcconfig */; };
		E9AB9E781CBA78C1003B1E2A /* Keys.example.xcconfig in Resources */ = {isa = PBXBuildFile; fileRef = E9AB9E771CBA78C1003B1E2A /* Keys.example.xcconfig */; };
		E9ADDD7A1C652FF5002792AC /* AppDelegate.swift in Sources */ = {isa = PBXBuildFile; fileRef = E9ADDD791C652FF5002792AC /* AppDelegate.swift */; };
		E9ADDD7C1C652FF5002792AC /* NewsViewController.swift in Sources */ = {isa = PBXBuildFile; fileRef = E9ADDD7B1C652FF5002792AC /* NewsViewController.swift */; };
		E9ADDD7F1C652FF5002792AC /* Main.storyboard in Resources */ = {isa = PBXBuildFile; fileRef = E9ADDD7D1C652FF5002792AC /* Main.storyboard */; };
		E9ADDD841C652FF5002792AC /* Assets.xcassets in Resources */ = {isa = PBXBuildFile; fileRef = E9ADDD831C652FF5002792AC /* Assets.xcassets */; };
		E9ADDD871C652FF5002792AC /* LaunchScreen.storyboard in Resources */ = {isa = PBXBuildFile; fileRef = E9ADDD851C652FF5002792AC /* LaunchScreen.storyboard */; };
		E9ADDD8F1C6533C1002792AC /* Item.swift in Sources */ = {isa = PBXBuildFile; fileRef = E9ADDD8E1C6533C1002792AC /* Item.swift */; };
		E9CC6DE61C6939C400B8FB91 /* Settings.swift in Sources */ = {isa = PBXBuildFile; fileRef = E9CC6DE51C6939C400B8FB91 /* Settings.swift */; };
/* End PBXBuildFile section */

/* Begin PBXFileReference section */
		0FB56C2806FFF400D290E9F7 /* Pods_hacker_news.framework */ = {isa = PBXFileReference; explicitFileType = wrapper.framework; includeInIndex = 0; path = Pods_hacker_news.framework; sourceTree = BUILT_PRODUCTS_DIR; };
		3727544907E1F02EEB75FD27 /* Pods-hacker-news.debug.xcconfig */ = {isa = PBXFileReference; includeInIndex = 1; lastKnownFileType = text.xcconfig; name = "Pods-hacker-news.debug.xcconfig"; path = "Pods/Target Support Files/Pods-hacker-news/Pods-hacker-news.debug.xcconfig"; sourceTree = "<group>"; };
		D4177F22EDB3C3EDC49738A3 /* Pods-hacker-news.release.xcconfig */ = {isa = PBXFileReference; includeInIndex = 1; lastKnownFileType = text.xcconfig; name = "Pods-hacker-news.release.xcconfig"; path = "Pods/Target Support Files/Pods-hacker-news/Pods-hacker-news.release.xcconfig"; sourceTree = "<group>"; };
		E97E4E841CB95A72007E060C /* SettingsViewController.swift */ = {isa = PBXFileReference; fileEncoding = 4; lastKnownFileType = sourcecode.swift; path = SettingsViewController.swift; sourceTree = "<group>"; };
		E9A9C7D71C654819004E4097 /* ItemCell.swift */ = {isa = PBXFileReference; fileEncoding = 4; lastKnownFileType = sourcecode.swift; path = ItemCell.swift; sourceTree = "<group>"; };
		E9A9C7D91C65DB8B004E4097 /* Theme.swift */ = {isa = PBXFileReference; fileEncoding = 4; lastKnownFileType = sourcecode.swift; path = Theme.swift; sourceTree = "<group>"; };
		E9A9C7DB1C65E107004E4097 /* FailureCell.swift */ = {isa = PBXFileReference; fileEncoding = 4; lastKnownFileType = sourcecode.swift; path = FailureCell.swift; sourceTree = "<group>"; };
		E9A9C7DE1C65E641004E4097 /* LoadingCell.swift */ = {isa = PBXFileReference; fileEncoding = 4; lastKnownFileType = sourcecode.swift; path = LoadingCell.swift; sourceTree = "<group>"; };
		E9A9C7E01C65E901004E4097 /* SuccessCell.swift */ = {isa = PBXFileReference; fileEncoding = 4; lastKnownFileType = sourcecode.swift; path = SuccessCell.swift; sourceTree = "<group>"; };
		E9AB9E711CBA78B6003B1E2A /* hacker-news.debug.xcconfig */ = {isa = PBXFileReference; fileEncoding = 4; lastKnownFileType = text.xcconfig; path = "hacker-news.debug.xcconfig"; sourceTree = "<group>"; };
		E9AB9E721CBA78B6003B1E2A /* hacker-news.release.xcconfig */ = {isa = PBXFileReference; fileEncoding = 4; lastKnownFileType = text.xcconfig; path = "hacker-news.release.xcconfig"; sourceTree = "<group>"; };
		E9AB9E731CBA78B6003B1E2A /* Keys.xcconfig */ = {isa = PBXFileReference; fileEncoding = 4; lastKnownFileType = text.xcconfig; path = Keys.xcconfig; sourceTree = "<group>"; };
		E9AB9E771CBA78C1003B1E2A /* Keys.example.xcconfig */ = {isa = PBXFileReference; fileEncoding = 4; lastKnownFileType = text.xcconfig; path = Keys.example.xcconfig; sourceTree = "<group>"; };
		E9AB9E7C1CBC0B67003B1E2A /* hacker-news.entitlements */ = {isa = PBXFileReference; lastKnownFileType = text.xml; path = "hacker-news.entitlements"; sourceTree = "<group>"; };
		E9ADDD761C652FF5002792AC /* hacker-news.app */ = {isa = PBXFileReference; explicitFileType = wrapper.application; includeInIndex = 0; path = "hacker-news.app"; sourceTree = BUILT_PRODUCTS_DIR; };
		E9ADDD791C652FF5002792AC /* AppDelegate.swift */ = {isa = PBXFileReference; lastKnownFileType = sourcecode.swift; path = AppDelegate.swift; sourceTree = "<group>"; };
		E9ADDD7B1C652FF5002792AC /* NewsViewController.swift */ = {isa = PBXFileReference; lastKnownFileType = sourcecode.swift; path = NewsViewController.swift; sourceTree = "<group>"; };
		E9ADDD7E1C652FF5002792AC /* Base */ = {isa = PBXFileReference; lastKnownFileType = file.storyboard; name = Base; path = Base.lproj/Main.storyboard; sourceTree = "<group>"; };
		E9ADDD831C652FF5002792AC /* Assets.xcassets */ = {isa = PBXFileReference; lastKnownFileType = folder.assetcatalog; path = Assets.xcassets; sourceTree = "<group>"; };
		E9ADDD861C652FF5002792AC /* Base */ = {isa = PBXFileReference; lastKnownFileType = file.storyboard; name = Base; path = Base.lproj/LaunchScreen.storyboard; sourceTree = "<group>"; };
		E9ADDD881C652FF5002792AC /* Info.plist */ = {isa = PBXFileReference; lastKnownFileType = text.plist.xml; path = Info.plist; sourceTree = "<group>"; };
		E9ADDD8E1C6533C1002792AC /* Item.swift */ = {isa = PBXFileReference; fileEncoding = 4; lastKnownFileType = sourcecode.swift; path = Item.swift; sourceTree = "<group>"; };
		E9CC6DE51C6939C400B8FB91 /* Settings.swift */ = {isa = PBXFileReference; fileEncoding = 4; lastKnownFileType = sourcecode.swift; path = Settings.swift; sourceTree = "<group>"; };
/* End PBXFileReference section */

/* Begin PBXFrameworksBuildPhase section */
		E9ADDD731C652FF5002792AC /* Frameworks */ = {
			isa = PBXFrameworksBuildPhase;
			buildActionMask = 2147483647;
			files = (
				7F83E74ECC91ADDAE8B6217E /* Pods_hacker_news.framework in Frameworks */,
			);
			runOnlyForDeploymentPostprocessing = 0;
		};
/* End PBXFrameworksBuildPhase section */

/* Begin PBXGroup section */
		677F17241D36F0AFC671A722 /* Pods */ = {
			isa = PBXGroup;
			children = (
				3727544907E1F02EEB75FD27 /* Pods-hacker-news.debug.xcconfig */,
				D4177F22EDB3C3EDC49738A3 /* Pods-hacker-news.release.xcconfig */,
			);
			name = Pods;
			sourceTree = "<group>";
		};
		787557A0BB448A331E5004A9 /* Frameworks */ = {
			isa = PBXGroup;
			children = (
				0FB56C2806FFF400D290E9F7 /* Pods_hacker_news.framework */,
			);
			name = Frameworks;
			sourceTree = "<group>";
		};
		E9A9C7DD1C65E10D004E4097 /* Cells */ = {
			isa = PBXGroup;
			children = (
				E9A9C7D71C654819004E4097 /* ItemCell.swift */,
				E9A9C7E01C65E901004E4097 /* SuccessCell.swift */,
				E9A9C7DE1C65E641004E4097 /* LoadingCell.swift */,
				E9A9C7DB1C65E107004E4097 /* FailureCell.swift */,
			);
			name = Cells;
			sourceTree = "<group>";
		};
		E9AB9E791CBA7B01003B1E2A /* Config */ = {
			isa = PBXGroup;
			children = (
				E9AB9E711CBA78B6003B1E2A /* hacker-news.debug.xcconfig */,
				E9AB9E721CBA78B6003B1E2A /* hacker-news.release.xcconfig */,
				E9AB9E731CBA78B6003B1E2A /* Keys.xcconfig */,
				E9AB9E771CBA78C1003B1E2A /* Keys.example.xcconfig */,
			);
			name = Config;
			sourceTree = "<group>";
		};
		E9ADDD6D1C652FF4002792AC = {
			isa = PBXGroup;
			children = (
				E9ADDD781C652FF5002792AC /* hacker-news */,
				E9ADDD771C652FF5002792AC /* Products */,
				677F17241D36F0AFC671A722 /* Pods */,
				787557A0BB448A331E5004A9 /* Frameworks */,
			);
			sourceTree = "<group>";
		};
		E9ADDD771C652FF5002792AC /* Products */ = {
			isa = PBXGroup;
			children = (
				E9ADDD761C652FF5002792AC /* hacker-news.app */,
			);
			name = Products;
			sourceTree = "<group>";
		};
		E9ADDD781C652FF5002792AC /* hacker-news */ = {
			isa = PBXGroup;
			children = (
				E9ADDD791C652FF5002792AC /* AppDelegate.swift */,
				E9AB9E791CBA7B01003B1E2A /* Config */,
				E9CC6DE41C6939B200B8FB91 /* Models */,
				E9CC6DE21C69399900B8FB91 /* Controllers */,
				E9CC6DE31C6939AA00B8FB91 /* Helpers */,
				E9A9C7DD1C65E10D004E4097 /* Cells */,
				E9ADDD7D1C652FF5002792AC /* Main.storyboard */,
				E9ADDD831C652FF5002792AC /* Assets.xcassets */,
				E9ADDD851C652FF5002792AC /* LaunchScreen.storyboard */,
				E9AB9E7C1CBC0B67003B1E2A /* hacker-news.entitlements */,
				E9ADDD881C652FF5002792AC /* Info.plist */,
			);
			path = "hacker-news";
			sourceTree = "<group>";
		};
		E9CC6DE21C69399900B8FB91 /* Controllers */ = {
			isa = PBXGroup;
			children = (
				E9ADDD7B1C652FF5002792AC /* NewsViewController.swift */,
				E97E4E841CB95A72007E060C /* SettingsViewController.swift */,
			);
			name = Controllers;
			sourceTree = "<group>";
		};
		E9CC6DE31C6939AA00B8FB91 /* Helpers */ = {
			isa = PBXGroup;
			children = (
				E9A9C7D91C65DB8B004E4097 /* Theme.swift */,
				E9CC6DE51C6939C400B8FB91 /* Settings.swift */,
			);
			name = Helpers;
			sourceTree = "<group>";
		};
		E9CC6DE41C6939B200B8FB91 /* Models */ = {
			isa = PBXGroup;
			children = (
				E9ADDD8E1C6533C1002792AC /* Item.swift */,
			);
			name = Models;
			sourceTree = "<group>";
		};
/* End PBXGroup section */

/* Begin PBXNativeTarget section */
		E9ADDD751C652FF5002792AC /* hacker-news */ = {
			isa = PBXNativeTarget;
			buildConfigurationList = E9ADDD8B1C652FF5002792AC /* Build configuration list for PBXNativeTarget "hacker-news" */;
			buildPhases = (
				330B3406BA70E9E80187D11B /* Check Pods Manifest.lock */,
				E9ADDD721C652FF5002792AC /* Sources */,
				E9ADDD731C652FF5002792AC /* Frameworks */,
				E9ADDD741C652FF5002792AC /* Resources */,
				2EAB72F4DEB8B3433C69EEE8 /* Embed Pods Frameworks */,
				E02DA6F790C93C85D7382276 /* Copy Pods Resources */,
				E9AB9E701CBA7781003B1E2A /* Fabric Integration */,
			);
			buildRules = (
			);
			dependencies = (
			);
			name = "hacker-news";
			productName = "hacker-news";
			productReference = E9ADDD761C652FF5002792AC /* hacker-news.app */;
			productType = "com.apple.product-type.application";
		};
/* End PBXNativeTarget section */

/* Begin PBXProject section */
		E9ADDD6E1C652FF5002792AC /* Project object */ = {
			isa = PBXProject;
			attributes = {
				LastSwiftUpdateCheck = 0720;
				LastUpgradeCheck = 0720;
				ORGANIZATIONNAME = "Thomas Durand";
				TargetAttributes = {
					E9ADDD751C652FF5002792AC = {
						CreatedOnToolsVersion = 7.2;
						DevelopmentTeam = 6EL5V5QVB4;
						SystemCapabilities = {
							com.apple.iCloud = {
								enabled = 1;
							};
						};
					};
				};
			};
			buildConfigurationList = E9ADDD711C652FF5002792AC /* Build configuration list for PBXProject "hacker-news" */;
			compatibilityVersion = "Xcode 3.2";
			developmentRegion = English;
			hasScannedForEncodings = 0;
			knownRegions = (
				en,
				Base,
			);
			mainGroup = E9ADDD6D1C652FF4002792AC;
			productRefGroup = E9ADDD771C652FF5002792AC /* Products */;
			projectDirPath = "";
			projectRoot = "";
			targets = (
				E9ADDD751C652FF5002792AC /* hacker-news */,
			);
		};
/* End PBXProject section */

/* Begin PBXResourcesBuildPhase section */
		E9ADDD741C652FF5002792AC /* Resources */ = {
			isa = PBXResourcesBuildPhase;
			buildActionMask = 2147483647;
			files = (
				E9ADDD871C652FF5002792AC /* LaunchScreen.storyboard in Resources */,
				E9ADDD841C652FF5002792AC /* Assets.xcassets in Resources */,
				E9AB9E761CBA78B6003B1E2A /* Keys.xcconfig in Resources */,
				E9AB9E781CBA78C1003B1E2A /* Keys.example.xcconfig in Resources */,
				E9AB9E741CBA78B6003B1E2A /* hacker-news.debug.xcconfig in Resources */,
				E9AB9E751CBA78B6003B1E2A /* hacker-news.release.xcconfig in Resources */,
				E9ADDD7F1C652FF5002792AC /* Main.storyboard in Resources */,
			);
			runOnlyForDeploymentPostprocessing = 0;
		};
/* End PBXResourcesBuildPhase section */

/* Begin PBXShellScriptBuildPhase section */
		2EAB72F4DEB8B3433C69EEE8 /* Embed Pods Frameworks */ = {
			isa = PBXShellScriptBuildPhase;
			buildActionMask = 2147483647;
			files = (
			);
			inputPaths = (
			);
			name = "Embed Pods Frameworks";
			outputPaths = (
			);
			runOnlyForDeploymentPostprocessing = 0;
			shellPath = /bin/sh;
			shellScript = "\"${SRCROOT}/Pods/Target Support Files/Pods-hacker-news/Pods-hacker-news-frameworks.sh\"\n";
			showEnvVarsInLog = 0;
		};
		330B3406BA70E9E80187D11B /* Check Pods Manifest.lock */ = {
			isa = PBXShellScriptBuildPhase;
			buildActionMask = 2147483647;
			files = (
			);
			inputPaths = (
			);
			name = "Check Pods Manifest.lock";
			outputPaths = (
			);
			runOnlyForDeploymentPostprocessing = 0;
			shellPath = /bin/sh;
			shellScript = "diff \"${PODS_ROOT}/../Podfile.lock\" \"${PODS_ROOT}/Manifest.lock\" > /dev/null\nif [[ $? != 0 ]] ; then\n    cat << EOM\nerror: The sandbox is not in sync with the Podfile.lock. Run 'pod install' or update your CocoaPods installation.\nEOM\n    exit 1\nfi\n";
			showEnvVarsInLog = 0;
		};
		E02DA6F790C93C85D7382276 /* Copy Pods Resources */ = {
			isa = PBXShellScriptBuildPhase;
			buildActionMask = 2147483647;
			files = (
			);
			inputPaths = (
			);
			name = "Copy Pods Resources";
			outputPaths = (
			);
			runOnlyForDeploymentPostprocessing = 0;
			shellPath = /bin/sh;
			shellScript = "\"${SRCROOT}/Pods/Target Support Files/Pods-hacker-news/Pods-hacker-news-resources.sh\"\n";
			showEnvVarsInLog = 0;
		};
		E9AB9E701CBA7781003B1E2A /* Fabric Integration */ = {
			isa = PBXShellScriptBuildPhase;
			buildActionMask = 2147483647;
			files = (
			);
			inputPaths = (
			);
			name = "Fabric Integration";
			outputPaths = (
			);
			runOnlyForDeploymentPostprocessing = 0;
			shellPath = /bin/sh;
			shellScript = "if [ \"${CONFIGURATION}\" = \"Release\" ]; then\n\"${PODS_ROOT}/Fabric/run\" ${FABRIC_API_KEY} ${FABRIC_BUILD_SECRET}\nfi";
			showEnvVarsInLog = 0;
		};
/* End PBXShellScriptBuildPhase section */

/* Begin PBXSourcesBuildPhase section */
		E9ADDD721C652FF5002792AC /* Sources */ = {
			isa = PBXSourcesBuildPhase;
			buildActionMask = 2147483647;
			files = (
				E9A9C7D81C654819004E4097 /* ItemCell.swift in Sources */,
				E9ADDD7C1C652FF5002792AC /* NewsViewController.swift in Sources */,
				E9A9C7DC1C65E107004E4097 /* FailureCell.swift in Sources */,
				E97E4E851CB95A72007E060C /* SettingsViewController.swift in Sources */,
				E9A9C7DA1C65DB8B004E4097 /* Theme.swift in Sources */,
				E9A9C7DF1C65E641004E4097 /* LoadingCell.swift in Sources */,
				E9A9C7E11C65E901004E4097 /* SuccessCell.swift in Sources */,
				E9CC6DE61C6939C400B8FB91 /* Settings.swift in Sources */,
				E9ADDD8F1C6533C1002792AC /* Item.swift in Sources */,
				E9ADDD7A1C652FF5002792AC /* AppDelegate.swift in Sources */,
			);
			runOnlyForDeploymentPostprocessing = 0;
		};
/* End PBXSourcesBuildPhase section */

/* Begin PBXVariantGroup section */
		E9ADDD7D1C652FF5002792AC /* Main.storyboard */ = {
			isa = PBXVariantGroup;
			children = (
				E9ADDD7E1C652FF5002792AC /* Base */,
			);
			name = Main.storyboard;
			sourceTree = "<group>";
		};
		E9ADDD851C652FF5002792AC /* LaunchScreen.storyboard */ = {
			isa = PBXVariantGroup;
			children = (
				E9ADDD861C652FF5002792AC /* Base */,
			);
			name = LaunchScreen.storyboard;
			sourceTree = "<group>";
		};
/* End PBXVariantGroup section */

/* Begin XCBuildConfiguration section */
		E9ADDD891C652FF5002792AC /* Debug */ = {
			isa = XCBuildConfiguration;
			buildSettings = {
				ALWAYS_SEARCH_USER_PATHS = NO;
				CLANG_CXX_LANGUAGE_STANDARD = "gnu++0x";
				CLANG_CXX_LIBRARY = "libc++";
				CLANG_ENABLE_MODULES = YES;
				CLANG_ENABLE_OBJC_ARC = YES;
				CLANG_WARN_BOOL_CONVERSION = YES;
				CLANG_WARN_CONSTANT_CONVERSION = YES;
				CLANG_WARN_DIRECT_OBJC_ISA_USAGE = YES_ERROR;
				CLANG_WARN_EMPTY_BODY = YES;
				CLANG_WARN_ENUM_CONVERSION = YES;
				CLANG_WARN_INT_CONVERSION = YES;
				CLANG_WARN_OBJC_ROOT_CLASS = YES_ERROR;
				CLANG_WARN_UNREACHABLE_CODE = YES;
				CLANG_WARN__DUPLICATE_METHOD_MATCH = YES;
				"CODE_SIGN_IDENTITY[sdk=iphoneos*]" = "iPhone Developer";
				COPY_PHASE_STRIP = NO;
				DEBUG_INFORMATION_FORMAT = dwarf;
				ENABLE_STRICT_OBJC_MSGSEND = YES;
				ENABLE_TESTABILITY = YES;
				GCC_C_LANGUAGE_STANDARD = gnu99;
				GCC_DYNAMIC_NO_PIC = NO;
				GCC_NO_COMMON_BLOCKS = YES;
				GCC_OPTIMIZATION_LEVEL = 0;
				GCC_PREPROCESSOR_DEFINITIONS = (
					"DEBUG=1",
					"$(inherited)",
				);
				GCC_WARN_64_TO_32_BIT_CONVERSION = YES;
				GCC_WARN_ABOUT_RETURN_TYPE = YES_ERROR;
				GCC_WARN_UNDECLARED_SELECTOR = YES;
				GCC_WARN_UNINITIALIZED_AUTOS = YES_AGGRESSIVE;
				GCC_WARN_UNUSED_FUNCTION = YES;
				GCC_WARN_UNUSED_VARIABLE = YES;
				IPHONEOS_DEPLOYMENT_TARGET = 9.0;
				MTL_ENABLE_DEBUG_INFO = YES;
				ONLY_ACTIVE_ARCH = YES;
				SDKROOT = iphoneos;
				SWIFT_OPTIMIZATION_LEVEL = "-Onone";
				TARGETED_DEVICE_FAMILY = "1,2";
			};
			name = Debug;
		};
		E9ADDD8A1C652FF5002792AC /* Release */ = {
			isa = XCBuildConfiguration;
			buildSettings = {
				ALWAYS_SEARCH_USER_PATHS = NO;
				CLANG_CXX_LANGUAGE_STANDARD = "gnu++0x";
				CLANG_CXX_LIBRARY = "libc++";
				CLANG_ENABLE_MODULES = YES;
				CLANG_ENABLE_OBJC_ARC = YES;
				CLANG_WARN_BOOL_CONVERSION = YES;
				CLANG_WARN_CONSTANT_CONVERSION = YES;
				CLANG_WARN_DIRECT_OBJC_ISA_USAGE = YES_ERROR;
				CLANG_WARN_EMPTY_BODY = YES;
				CLANG_WARN_ENUM_CONVERSION = YES;
				CLANG_WARN_INT_CONVERSION = YES;
				CLANG_WARN_OBJC_ROOT_CLASS = YES_ERROR;
				CLANG_WARN_UNREACHABLE_CODE = YES;
				CLANG_WARN__DUPLICATE_METHOD_MATCH = YES;
				"CODE_SIGN_IDENTITY[sdk=iphoneos*]" = "iPhone Developer";
				COPY_PHASE_STRIP = NO;
				DEBUG_INFORMATION_FORMAT = "dwarf-with-dsym";
				ENABLE_NS_ASSERTIONS = NO;
				ENABLE_STRICT_OBJC_MSGSEND = YES;
				GCC_C_LANGUAGE_STANDARD = gnu99;
				GCC_NO_COMMON_BLOCKS = YES;
				GCC_WARN_64_TO_32_BIT_CONVERSION = YES;
				GCC_WARN_ABOUT_RETURN_TYPE = YES_ERROR;
				GCC_WARN_UNDECLARED_SELECTOR = YES;
				GCC_WARN_UNINITIALIZED_AUTOS = YES_AGGRESSIVE;
				GCC_WARN_UNUSED_FUNCTION = YES;
				GCC_WARN_UNUSED_VARIABLE = YES;
				IPHONEOS_DEPLOYMENT_TARGET = 9.0;
				MTL_ENABLE_DEBUG_INFO = NO;
				SDKROOT = iphoneos;
				TARGETED_DEVICE_FAMILY = "1,2";
				VALIDATE_PRODUCT = YES;
			};
			name = Release;
		};
		E9ADDD8C1C652FF5002792AC /* Debug */ = {
			isa = XCBuildConfiguration;
			baseConfigurationReference = E9AB9E711CBA78B6003B1E2A /* hacker-news.debug.xcconfig */;
			buildSettings = {
				ASSETCATALOG_COMPILER_APPICON_NAME = AppIcon;
				CODE_SIGN_ENTITLEMENTS = "hacker-news/hacker-news.entitlements";
				CODE_SIGN_IDENTITY = "iPhone Developer";
				INFOPLIST_FILE = "hacker-news/Info.plist";
				IPHONEOS_DEPLOYMENT_TARGET = 9.0;
				LD_RUNPATH_SEARCH_PATHS = "$(inherited) @executable_path/Frameworks";
				PRODUCT_BUNDLE_IDENTIFIER = "fr.Dean.hacker-news";
				PRODUCT_NAME = "$(TARGET_NAME)";
			};
			name = Debug;
		};
		E9ADDD8D1C652FF5002792AC /* Release */ = {
			isa = XCBuildConfiguration;
			baseConfigurationReference = E9AB9E721CBA78B6003B1E2A /* hacker-news.release.xcconfig */;
			buildSettings = {
				ASSETCATALOG_COMPILER_APPICON_NAME = AppIcon;
				CODE_SIGN_ENTITLEMENTS = "hacker-news/hacker-news.entitlements";
				CODE_SIGN_IDENTITY = "iPhone Developer";
				INFOPLIST_FILE = "hacker-news/Info.plist";
				IPHONEOS_DEPLOYMENT_TARGET = 9.0;
				LD_RUNPATH_SEARCH_PATHS = "$(inherited) @executable_path/Frameworks";
				PRODUCT_BUNDLE_IDENTIFIER = "fr.Dean.hacker-news";
				PRODUCT_NAME = "$(TARGET_NAME)";
			};
			name = Release;
		};
/* End XCBuildConfiguration section */

/* Begin XCConfigurationList section */
		E9ADDD711C652FF5002792AC /* Build configuration list for PBXProject "hacker-news" */ = {
			isa = XCConfigurationList;
			buildConfigurations = (
				E9ADDD891C652FF5002792AC /* Debug */,
				E9ADDD8A1C652FF5002792AC /* Release */,
			);
			defaultConfigurationIsVisible = 0;
			defaultConfigurationName = Release;
		};
		E9ADDD8B1C652FF5002792AC /* Build configuration list for PBXNativeTarget "hacker-news" */ = {
			isa = XCConfigurationList;
			buildConfigurations = (
				E9ADDD8C1C652FF5002792AC /* Debug */,
				E9ADDD8D1C652FF5002792AC /* Release */,
			);
			defaultConfigurationIsVisible = 0;
			defaultConfigurationName = Release;
		};
/* End XCConfigurationList section */
	};
	rootObject = E9ADDD6E1C652FF5002792AC /* Project object */;
}
